
Microsoft Visual Studio Solution File, Format Version 12.00
# Visual Studio Version 16
VisualStudioVersion = 16.0.30717.126
MinimumVisualStudioVersion = 10.0.40219.1
Project("{FAE04EC0-301F-11D3-BF4B-00C04F79EFBC}") = "PumaWebsiteTesting", "PumaWebsiteTesting.csproj", "{74375415-A657-4EDD-90A8-41CE036224C6}"
EndProject
Global
	GlobalSection(SolutionConfigurationPlatforms) = preSolution
		Debug|Any CPU = Debug|Any CPU
		Release|Any CPU = Release|Any CPU
	EndGlobalSection
	GlobalSection(ProjectConfigurationPlatforms) = postSolution
		{74375415-A657-4EDD-90A8-41CE036224C6}.Debug|Any CPU.ActiveCfg = Debug|Any CPU
		{74375415-A657-4EDD-90A8-41CE036224C6}.Debug|Any CPU.Build.0 = Debug|Any CPU
		{74375415-A657-4EDD-90A8-41CE036224C6}.Release|Any CPU.ActiveCfg = Release|Any CPU
		{74375415-A657-4EDD-90A8-41CE036224C6}.Release|Any CPU.Build.0 = Release|Any CPU
	EndGlobalSection
	GlobalSection(SolutionProperties) = preSolution
		HideSolutionNode = FALSE
	EndGlobalSection
	GlobalSection(ExtensibilityGlobals) = postSolution
		SolutionGuid = {AC8BF4CD-3B84-4959-9B2B-8BD29570EC13}
	EndGlobalSection
EndGlobal
